version = 1
requires-python = ">=3.10"
resolution-markers = [
    "python_full_version < '3.11'",
    "python_full_version == '3.11.*'",
    "python_full_version >= '3.12'",
]

[[package]]
name = "duckdb"
version = "1.3.1"
source = { registry = "https://pypi.org/simple" }
sdist = { url = "https://files.pythonhosted.org/packages/35/ab/d89a4dd14311d5a0081711bc66db3fad73f7645fa7eb3844c423d2fa0a17/duckdb-1.3.1.tar.gz", hash = "sha256:8e101990a879533b1d33f003df2eb2a3c4bc7bdf976bd7ef7c32342047935327", size = 11628075 }
wheels = [
    { url = "https://files.pythonhosted.org/packages/98/f2/e9b3fa5528ed9e586f9a9cd52c1e190963600e4d095d872af7a557d1bae4/duckdb-1.3.1-cp310-cp310-macosx_12_0_arm64.whl", hash = "sha256:8321ecd3c6be22660ac7b48d1770781b2a9d22e3f961ad0bb9f851d4e109806c", size = 15513952 },
    { url = "https://files.pythonhosted.org/packages/f4/54/c0ec22e742938e5d114ae51a9b5bf8b155d93e3a3fc323230e23ffc0cb29/duckdb-1.3.1-cp310-cp310-macosx_12_0_universal2.whl", hash = "sha256:ccccc9dc9cb2269430fed29a2be8ff65a84d7b9e427548e02b5a8e1e1aacfa6d", size = 32480539 },
    { url = "https://files.pythonhosted.org/packages/6f/76/f14a66540e4b62ca01d35d347a3a0c493ea5a516865480339061901bc538/duckdb-1.3.1-cp310-cp310-macosx_12_0_x86_64.whl", hash = "sha256:f8a1ca3bbf84275ba4e0da2bccf6d43cb277a19af6f88fb86f98c33a98cce02e", size = 17079404 },
    { url = "https://files.pythonhosted.org/packages/6d/db/2abb3553463fa479b2497b63d704b2133b45773792cd1e9defdf08538047/duckdb-1.3.1-cp310-cp310-manylinux_2_27_aarch64.manylinux_2_28_aarch64.whl", hash = "sha256:3ed9a942ba1167a51c0eb9f23c567051a51da4cbf920b3ac83fe63b010c4334c", size = 19152794 },
    { url = "https://files.pythonhosted.org/packages/f4/a5/ef66e37e90a5ea122f14c9d1f3180754704fe6df3e8bd44afd88a0e0f8b7/duckdb-1.3.1-cp310-cp310-manylinux_2_27_x86_64.manylinux_2_28_x86_64.whl", hash = "sha256:26944ff2c09749077ee63e5fec634da431b0b8eb7dd0d30c24fa7fe89ce70b66", size = 21084453 },
    { url = "https://files.pythonhosted.org/packages/5b/9d/0d72db42fd1e9e6f3981d59f7418a9ebe765bfa477bd546a91a3bbded81c/duckdb-1.3.1-cp310-cp310-musllinux_1_2_x86_64.whl", hash = "sha256:1ac996ac099f5d15468e33a93caf078da0fdace48c8a2c9af41e7bec766602f3", size = 22733663 },
    { url = "https://files.pythonhosted.org/packages/9f/8d/ff3a3f4f8a6b0e8020f1eaa16aa4f50890596e6d7dcdf084cc1f63d79c60/duckdb-1.3.1-cp310-cp310-win_amd64.whl", hash = "sha256:57a2324f8206a52f5fd2b44f34c3746bed8bcd5e98b05b298e04fafbf30e5079", size = 11300498 },
    { url = "https://files.pythonhosted.org/packages/37/30/56cc16f223e080edb5aa5aca8d1e3dc7710ecff3726ba2d7354ae1a40223/duckdb-1.3.1-cp311-cp311-macosx_12_0_arm64.whl", hash = "sha256:376193078285b243910b1239a927e271d12d9bf6358a6937d1f7af253cfef2b6", size = 15516676 },
    { url = "https://files.pythonhosted.org/packages/32/b3/7556d6f947ef06be925b6703caf1151d7ec736d3fb167aa2b8ee483782b2/duckdb-1.3.1-cp311-cp311-macosx_12_0_universal2.whl", hash = "sha256:d690576e8b4479b1e0c58cd8179f600f67af237ad31186fb10e867a02d4d66ff", size = 32489163 },
    { url = "https://files.pythonhosted.org/packages/6f/35/2ece30329d6cc4b7c2e37e14c3c9a28300f898dd4c170caad8b824308204/duckdb-1.3.1-cp311-cp311-macosx_12_0_x86_64.whl", hash = "sha256:833b3c0208c238aac0d9287fcaca93ea54b82deabd8d162a469bd9adb42a0453", size = 17083190 },
    { url = "https://files.pythonhosted.org/packages/9d/2b/3dccb341af40f0679a769b3ca485f3aeda8997873552b68949977186b63e/duckdb-1.3.1-cp311-cp311-manylinux_2_27_aarch64.manylinux_2_28_aarch64.whl", hash = "sha256:8bdd53e62917298208b7182d5fd1686a4caddc573dc1a95a58ca054105b23b38", size = 19153031 },
    { url = "https://files.pythonhosted.org/packages/da/47/f8c13c3318bb29e22d2b320fcbf07c27d2d3cc1acb54e2dee3478611dce2/duckdb-1.3.1-cp311-cp311-manylinux_2_27_x86_64.manylinux_2_28_x86_64.whl", hash = "sha256:591c9ca1b8dc591548bf56b2f18e26ca2339d7b95613009f6ba00af855210029", size = 21086086 },
    { url = "https://files.pythonhosted.org/packages/cb/a7/a1be142ccd483e2dd0ea7a37b1999bd8964ab755915952fe6f131af84543/duckdb-1.3.1-cp311-cp311-musllinux_1_2_x86_64.whl", hash = "sha256:18f21142546edb5f935963f8f012b6569b978f398d48709da276b245ee4f5f4d", size = 22736728 },
    { url = "https://files.pythonhosted.org/packages/f1/30/9782f26236b3df9e15958a6d0f299d13ace6ce8f5327ddba13b8ea129d03/duckdb-1.3.1-cp311-cp311-win_amd64.whl", hash = "sha256:59121f0a8220b72050046a816e85e7464eb78e395f64118161b1115855284f87", size = 11300684 },
    { url = "https://files.pythonhosted.org/packages/2b/cf/c9a76a15195ec1566b04a23c182ce16b60d1f06c7cdfec1aa538c8e8e0ae/duckdb-1.3.1-cp312-cp312-macosx_12_0_arm64.whl", hash = "sha256:73f389f9c713325a6994dd9e04a7fa23bd73e8387883f8086946a9d3a1dd70e1", size = 15529437 },
    { url = "https://files.pythonhosted.org/packages/d7/15/6cb79d988bedb19be6cfb654cd98b339cf4d06b7fc337f52c4051416b690/duckdb-1.3.1-cp312-cp312-macosx_12_0_universal2.whl", hash = "sha256:87c99569274b453d8f9963e43fea74bc86901773fac945c1fe612c133a91e506", size = 32525563 },
    { url = "https://files.pythonhosted.org/packages/14/7a/0acc37ec937a69a2fc325ab680cf68e7f1ed5d83b056dfade617502e40c2/duckdb-1.3.1-cp312-cp312-macosx_12_0_x86_64.whl", hash = "sha256:21da268355dfdf859b3d4db22180f7d5dd85a60517e077cb4158768cd5f0ee44", size = 17106064 },
    { url = "https://files.pythonhosted.org/packages/b5/a0/aef95020f5ada03e44eea0b23951b96cec45a85a0c42210639d5d5688603/duckdb-1.3.1-cp312-cp312-manylinux_2_27_aarch64.manylinux_2_28_aarch64.whl", hash = "sha256:77902954d15ba4aff92e82df700643b995c057f2d7d39af7ed226d8cceb9c2af", size = 19172380 },
    { url = "https://files.pythonhosted.org/packages/9c/2a/3eae3acda60e178785835d6df85f3bf9ddab4362e9fd45d0fe4879973561/duckdb-1.3.1-cp312-cp312-manylinux_2_27_x86_64.manylinux_2_28_x86_64.whl", hash = "sha256:67b1a3c9e2c3474991da97edfec0a89f382fef698d7f64b2d8d09006eaeeea24", size = 21123030 },
    { url = "https://files.pythonhosted.org/packages/f4/79/885c0ad2434fa7b353532580435d59bb007efb629740ba4eb273fc4c882c/duckdb-1.3.1-cp312-cp312-musllinux_1_2_x86_64.whl", hash = "sha256:f1d076b12f0d2a7f9090ad9e4057ac41af3e4785969e5997afd44922c7b141e0", size = 22774472 },
    { url = "https://files.pythonhosted.org/packages/24/02/d294613e4fccfc86f4718b2cede365a9a6313c938bf0547c78ec196a0b9c/duckdb-1.3.1-cp312-cp312-win_amd64.whl", hash = "sha256:bf7d6884bfb67aef67aebb0bd2460ea1137c55b3fd8794a3530c653dbe0d4019", size = 11302743 },
    { url = "https://files.pythonhosted.org/packages/d0/2e/5e1bf9f0b43bcb37dbe729d3a2c55da8b232137c15b0b63d2d51f96793b6/duckdb-1.3.1-cp313-cp313-macosx_12_0_arm64.whl", hash = "sha256:72bbc8479c5d88e839a92c458c94c622f917ff0122853323728d6e25b0c3d4e1", size = 15529541 },
    { url = "https://files.pythonhosted.org/packages/bc/ab/6b2e1efb133b2f4990710bd9a54e734a12a147eaead1102e36dd8d126494/duckdb-1.3.1-cp313-cp313-macosx_12_0_universal2.whl", hash = "sha256:937de83df6bbe4bee5830ce80f568d4c0ebf3ef5eb809db3343d2161e4f6e42b", size = 32525596 },
    { url = "https://files.pythonhosted.org/packages/68/9f/879f6f33a1d5b4afee9dd4082e97d9b43c21cf734c90164d10fd7303edb5/duckdb-1.3.1-cp313-cp313-macosx_12_0_x86_64.whl", hash = "sha256:21440dd37f073944badd495c299c6d085cd133633450467ec420c71897ac1d5b", size = 17106339 },
    { url = "https://files.pythonhosted.org/packages/9a/06/5755f93be743ec27986f275847a85d44bb1bd6d8631492d337729fbe9145/duckdb-1.3.1-cp313-cp313-manylinux_2_27_aarch64.manylinux_2_28_aarch64.whl", hash = "sha256:663610b591ea6964f140441c81b718e745704cf098c540e905b200b9079e2a5c", size = 19173540 },
    { url = "https://files.pythonhosted.org/packages/90/a6/c8577b741974f106e24f8eb3efedc399be1a23cbbdcf49dd4bea5bb8aa4e/duckdb-1.3.1-cp313-cp313-manylinux_2_27_x86_64.manylinux_2_28_x86_64.whl", hash = "sha256:8793b5abb365bbbf64ba3065f3a37951fe04f2d4506b0e24f3f8ecd08b3af4ba", size = 21122193 },
    { url = "https://files.pythonhosted.org/packages/43/10/b4576bbfa895a0ab125697fd58c0fbe54338672a9df25e7311bdf21f9e04/duckdb-1.3.1-cp313-cp313-musllinux_1_2_x86_64.whl", hash = "sha256:27d775a5af405d1c228561830c8ccbe4e2832dafb4012f16c05fde1cde206dee", size = 22773434 },
    { url = "https://files.pythonhosted.org/packages/94/b9/f5ae51f7331f79c184fd96456c0896de875149fdeb092084fd20433ec97c/duckdb-1.3.1-cp313-cp313-win_amd64.whl", hash = "sha256:3eb045a9bf92da890d890cde2f676b3bda61b9de3b7dc46cbaaf75875b41e4b0", size = 11302770 },
]

[[package]]
name = "numpy"
version = "2.2.6"
source = { registry = "https://pypi.org/simple" }
sdist = { url = "https://files.pythonhosted.org/packages/76/21/7d2a95e4bba9dc13d043ee156a356c0a8f0c6309dff6b21b4d71a073b8a8/numpy-2.2.6.tar.gz", hash = "sha256:e29554e2bef54a90aa5cc07da6ce955accb83f21ab5de01a62c8478897b264fd", size = 20276440 }
wheels = [
    { url = "https://files.pythonhosted.org/packages/9a/3e/ed6db5be21ce87955c0cbd3009f2803f59fa08df21b5df06862e2d8e2bdd/numpy-2.2.6-cp310-cp310-macosx_10_9_x86_64.whl", hash = "sha256:b412caa66f72040e6d268491a59f2c43bf03eb6c96dd8f0307829feb7fa2b6fb", size = 21165245 },
    { url = "https://files.pythonhosted.org/packages/22/c2/4b9221495b2a132cc9d2eb862e21d42a009f5a60e45fc44b00118c174bff/numpy-2.2.6-cp310-cp310-macosx_11_0_arm64.whl", hash = "sha256:8e41fd67c52b86603a91c1a505ebaef50b3314de0213461c7a6e99c9a3beff90", size = 14360048 },
    { url = "https://files.pythonhosted.org/packages/fd/77/dc2fcfc66943c6410e2bf598062f5959372735ffda175b39906d54f02349/numpy-2.2.6-cp310-cp310-macosx_14_0_arm64.whl", hash = "sha256:37e990a01ae6ec7fe7fa1c26c55ecb672dd98b19c3d0e1d1f326fa13cb38d163", size = 5340542 },
    { url = "https://files.pythonhosted.org/packages/7a/4f/1cb5fdc353a5f5cc7feb692db9b8ec2c3d6405453f982435efc52561df58/numpy-2.2.6-cp310-cp310-macosx_14_0_x86_64.whl", hash = "sha256:5a6429d4be8ca66d889b7cf70f536a397dc45ba6faeb5f8c5427935d9592e9cf", size = 6878301 },
    { url = "https://files.pythonhosted.org/packages/eb/17/96a3acd228cec142fcb8723bd3cc39c2a474f7dcf0a5d16731980bcafa95/numpy-2.2.6-cp310-cp310-manylinux_2_17_aarch64.manylinux2014_aarch64.whl", hash = "sha256:efd28d4e9cd7d7a8d39074a4d44c63eda73401580c5c76acda2ce969e0a38e83", size = 14297320 },
    { url = "https://files.pythonhosted.org/packages/b4/63/3de6a34ad7ad6646ac7d2f55ebc6ad439dbbf9c4370017c50cf403fb19b5/numpy-2.2.6-cp310-cp310-manylinux_2_17_x86_64.manylinux2014_x86_64.whl", hash = "sha256:fc7b73d02efb0e18c000e9ad8b83480dfcd5dfd11065997ed4c6747470ae8915", size = 16801050 },
    { url = "https://files.pythonhosted.org/packages/07/b6/89d837eddef52b3d0cec5c6ba0456c1bf1b9ef6a6672fc2b7873c3ec4e2e/numpy-2.2.6-cp310-cp310-musllinux_1_2_aarch64.whl", hash = "sha256:74d4531beb257d2c3f4b261bfb0fc09e0f9ebb8842d82a7b4209415896adc680", size = 15807034 },
    { url = "https://files.pythonhosted.org/packages/01/c8/dc6ae86e3c61cfec1f178e5c9f7858584049b6093f843bca541f94120920/numpy-2.2.6-cp310-cp310-musllinux_1_2_x86_64.whl", hash = "sha256:8fc377d995680230e83241d8a96def29f204b5782f371c532579b4f20607a289", size = 18614185 },
    { url = "https://files.pythonhosted.org/packages/5b/c5/0064b1b7e7c89137b471ccec1fd2282fceaae0ab3a9550f2568782d80357/numpy-2.2.6-cp310-cp310-win32.whl", hash = "sha256:b093dd74e50a8cba3e873868d9e93a85b78e0daf2e98c6797566ad8044e8363d", size = 6527149 },
    { url = "https://files.pythonhosted.org/packages/a3/dd/4b822569d6b96c39d1215dbae0582fd99954dcbcf0c1a13c61783feaca3f/numpy-2.2.6-cp310-cp310-win_amd64.whl", hash = "sha256:f0fd6321b839904e15c46e0d257fdd101dd7f530fe03fd6359c1ea63738703f3", size = 12904620 },
    { url = "https://files.pythonhosted.org/packages/da/a8/4f83e2aa666a9fbf56d6118faaaf5f1974d456b1823fda0a176eff722839/numpy-2.2.6-cp311-cp311-macosx_10_9_x86_64.whl", hash = "sha256:f9f1adb22318e121c5c69a09142811a201ef17ab257a1e66ca3025065b7f53ae", size = 21176963 },
    { url = "https://files.pythonhosted.org/packages/b3/2b/64e1affc7972decb74c9e29e5649fac940514910960ba25cd9af4488b66c/numpy-2.2.6-cp311-cp311-macosx_11_0_arm64.whl", hash = "sha256:c820a93b0255bc360f53eca31a0e676fd1101f673dda8da93454a12e23fc5f7a", size = 14406743 },
    { url = "https://files.pythonhosted.org/packages/4a/9f/0121e375000b5e50ffdd8b25bf78d8e1a5aa4cca3f185d41265198c7b834/numpy-2.2.6-cp311-cp311-macosx_14_0_arm64.whl", hash = "sha256:3d70692235e759f260c3d837193090014aebdf026dfd167834bcba43e30c2a42", size = 5352616 },
    { url = "https://files.pythonhosted.org/packages/31/0d/b48c405c91693635fbe2dcd7bc84a33a602add5f63286e024d3b6741411c/numpy-2.2.6-cp311-cp311-macosx_14_0_x86_64.whl", hash = "sha256:481b49095335f8eed42e39e8041327c05b0f6f4780488f61286ed3c01368d491", size = 6889579 },
    { url = "https://files.pythonhosted.org/packages/52/b8/7f0554d49b565d0171eab6e99001846882000883998e7b7d9f0d98b1f934/numpy-2.2.6-cp311-cp311-manylinux_2_17_aarch64.manylinux2014_aarch64.whl", hash = "sha256:b64d8d4d17135e00c8e346e0a738deb17e754230d7e0810ac5012750bbd85a5a", size = 14312005 },
    { url = "https://files.pythonhosted.org/packages/b3/dd/2238b898e51bd6d389b7389ffb20d7f4c10066d80351187ec8e303a5a475/numpy-2.2.6-cp311-cp311-manylinux_2_17_x86_64.manylinux2014_x86_64.whl", hash = "sha256:ba10f8411898fc418a521833e014a77d3ca01c15b0c6cdcce6a0d2897e6dbbdf", size = 16821570 },
    { url = "https://files.pythonhosted.org/packages/83/6c/44d0325722cf644f191042bf47eedad61c1e6df2432ed65cbe28509d404e/numpy-2.2.6-cp311-cp311-musllinux_1_2_aarch64.whl", hash = "sha256:bd48227a919f1bafbdda0583705e547892342c26fb127219d60a5c36882609d1", size = 15818548 },
    { url = "https://files.pythonhosted.org/packages/ae/9d/81e8216030ce66be25279098789b665d49ff19eef08bfa8cb96d4957f422/numpy-2.2.6-cp311-cp311-musllinux_1_2_x86_64.whl", hash = "sha256:9551a499bf125c1d4f9e250377c1ee2eddd02e01eac6644c080162c0c51778ab", size = 18620521 },
    { url = "https://files.pythonhosted.org/packages/6a/fd/e19617b9530b031db51b0926eed5345ce8ddc669bb3bc0044b23e275ebe8/numpy-2.2.6-cp311-cp311-win32.whl", hash = "sha256:0678000bb9ac1475cd454c6b8c799206af8107e310843532b04d49649c717a47", size = 6525866 },
    { url = "https://files.pythonhosted.org/packages/31/0a/f354fb7176b81747d870f7991dc763e157a934c717b67b58456bc63da3df/numpy-2.2.6-cp311-cp311-win_amd64.whl", hash = "sha256:e8213002e427c69c45a52bbd94163084025f533a55a59d6f9c5b820774ef3303", size = 12907455 },
    { url = "https://files.pythonhosted.org/packages/82/5d/c00588b6cf18e1da539b45d3598d3557084990dcc4331960c15ee776ee41/numpy-2.2.6-cp312-cp312-macosx_10_13_x86_64.whl", hash = "sha256:41c5a21f4a04fa86436124d388f6ed60a9343a6f767fced1a8a71c3fbca038ff", size = 20875348 },
    { url = "https://files.pythonhosted.org/packages/66/ee/560deadcdde6c2f90200450d5938f63a34b37e27ebff162810f716f6a230/numpy-2.2.6-cp312-cp312-macosx_11_0_arm64.whl", hash = "sha256:de749064336d37e340f640b05f24e9e3dd678c57318c7289d222a8a2f543e90c", size = 14119362 },
    { url = "https://files.pythonhosted.org/packages/3c/65/4baa99f1c53b30adf0acd9a5519078871ddde8d2339dc5a7fde80d9d87da/numpy-2.2.6-cp312-cp312-macosx_14_0_arm64.whl", hash = "sha256:894b3a42502226a1cac872f840030665f33326fc3dac8e57c607905773cdcde3", size = 5084103 },
    { url = "https://files.pythonhosted.org/packages/cc/89/e5a34c071a0570cc40c9a54eb472d113eea6d002e9ae12bb3a8407fb912e/numpy-2.2.6-cp312-cp312-macosx_14_0_x86_64.whl", hash = "sha256:71594f7c51a18e728451bb50cc60a3ce4e6538822731b2933209a1f3614e9282", size = 6625382 },
    { url = "https://files.pythonhosted.org/packages/f8/35/8c80729f1ff76b3921d5c9487c7ac3de9b2a103b1cd05e905b3090513510/numpy-2.2.6-cp312-cp312-manylinux_2_17_aarch64.manylinux2014_aarch64.whl", hash = "sha256:f2618db89be1b4e05f7a1a847a9c1c0abd63e63a1607d892dd54668dd92faf87", size = 14018462 },
    { url = "https://files.pythonhosted.org/packages/8c/3d/1e1db36cfd41f895d266b103df00ca5b3cbe965184df824dec5c08c6b803/numpy-2.2.6-cp312-cp312-manylinux_2_17_x86_64.manylinux2014_x86_64.whl", hash = "sha256:fd83c01228a688733f1ded5201c678f0c53ecc1006ffbc404db9f7a899ac6249", size = 16527618 },
    { url = "https://files.pythonhosted.org/packages/61/c6/03ed30992602c85aa3cd95b9070a514f8b3c33e31124694438d88809ae36/numpy-2.2.6-cp312-cp312-musllinux_1_2_aarch64.whl", hash = "sha256:37c0ca431f82cd5fa716eca9506aefcabc247fb27ba69c5062a6d3ade8cf8f49", size = 15505511 },
    { url = "https://files.pythonhosted.org/packages/b7/25/5761d832a81df431e260719ec45de696414266613c9ee268394dd5ad8236/numpy-2.2.6-cp312-cp312-musllinux_1_2_x86_64.whl", hash = "sha256:fe27749d33bb772c80dcd84ae7e8df2adc920ae8297400dabec45f0dedb3f6de", size = 18313783 },
    { url = "https://files.pythonhosted.org/packages/57/0a/72d5a3527c5ebffcd47bde9162c39fae1f90138c961e5296491ce778e682/numpy-2.2.6-cp312-cp312-win32.whl", hash = "sha256:4eeaae00d789f66c7a25ac5f34b71a7035bb474e679f410e5e1a94deb24cf2d4", size = 6246506 },
    { url = "https://files.pythonhosted.org/packages/36/fa/8c9210162ca1b88529ab76b41ba02d433fd54fecaf6feb70ef9f124683f1/numpy-2.2.6-cp312-cp312-win_amd64.whl", hash = "sha256:c1f9540be57940698ed329904db803cf7a402f3fc200bfe599334c9bd84a40b2", size = 12614190 },
    { url = "https://files.pythonhosted.org/packages/f9/5c/6657823f4f594f72b5471f1db1ab12e26e890bb2e41897522d134d2a3e81/numpy-2.2.6-cp313-cp313-macosx_10_13_x86_64.whl", hash = "sha256:0811bb762109d9708cca4d0b13c4f67146e3c3b7cf8d34018c722adb2d957c84", size = 20867828 },
    { url = "https://files.pythonhosted.org/packages/dc/9e/14520dc3dadf3c803473bd07e9b2bd1b69bc583cb2497b47000fed2fa92f/numpy-2.2.6-cp313-cp313-macosx_11_0_arm64.whl", hash = "sha256:287cc3162b6f01463ccd86be154f284d0893d2b3ed7292439ea97eafa8170e0b", size = 14143006 },
    { url = "https://files.pythonhosted.org/packages/4f/06/7e96c57d90bebdce9918412087fc22ca9851cceaf5567a45c1f404480e9e/numpy-2.2.6-cp313-cp313-macosx_14_0_arm64.whl", hash = "sha256:f1372f041402e37e5e633e586f62aa53de2eac8d98cbfb822806ce4bbefcb74d", size = 5076765 },
    { url = "https://files.pythonhosted.org/packages/73/ed/63d920c23b4289fdac96ddbdd6132e9427790977d5457cd132f18e76eae0/numpy-2.2.6-cp313-cp313-macosx_14_0_x86_64.whl", hash = "sha256:55a4d33fa519660d69614a9fad433be87e5252f4b03850642f88993f7b2ca566", size = 6617736 },
    { url = "https://files.pythonhosted.org/packages/85/c5/e19c8f99d83fd377ec8c7e0cf627a8049746da54afc24ef0a0cb73d5dfb5/numpy-2.2.6-cp313-cp313-manylinux_2_17_aarch64.manylinux2014_aarch64.whl", hash = "sha256:f92729c95468a2f4f15e9bb94c432a9229d0d50de67304399627a943201baa2f", size = 14010719 },
    { url = "https://files.pythonhosted.org/packages/19/49/4df9123aafa7b539317bf6d342cb6d227e49f7a35b99c287a6109b13dd93/numpy-2.2.6-cp313-cp313-manylinux_2_17_x86_64.manylinux2014_x86_64.whl", hash = "sha256:1bc23a79bfabc5d056d106f9befb8d50c31ced2fbc70eedb8155aec74a45798f", size = 16526072 },
    { url = "https://files.pythonhosted.org/packages/b2/6c/04b5f47f4f32f7c2b0e7260442a8cbcf8168b0e1a41ff1495da42f42a14f/numpy-2.2.6-cp313-cp313-musllinux_1_2_aarch64.whl", hash = "sha256:e3143e4451880bed956e706a3220b4e5cf6172ef05fcc397f6f36a550b1dd868", size = 15503213 },
    { url = "https://files.pythonhosted.org/packages/17/0a/5cd92e352c1307640d5b6fec1b2ffb06cd0dabe7d7b8227f97933d378422/numpy-2.2.6-cp313-cp313-musllinux_1_2_x86_64.whl", hash = "sha256:b4f13750ce79751586ae2eb824ba7e1e8dba64784086c98cdbbcc6a42112ce0d", size = 18316632 },
    { url = "https://files.pythonhosted.org/packages/f0/3b/5cba2b1d88760ef86596ad0f3d484b1cbff7c115ae2429678465057c5155/numpy-2.2.6-cp313-cp313-win32.whl", hash = "sha256:5beb72339d9d4fa36522fc63802f469b13cdbe4fdab4a288f0c441b74272ebfd", size = 6244532 },
    { url = "https://files.pythonhosted.org/packages/cb/3b/d58c12eafcb298d4e6d0d40216866ab15f59e55d148a5658bb3132311fcf/numpy-2.2.6-cp313-cp313-win_amd64.whl", hash = "sha256:b0544343a702fa80c95ad5d3d608ea3599dd54d4632df855e4c8d24eb6ecfa1c", size = 12610885 },
    { url = "https://files.pythonhosted.org/packages/6b/9e/4bf918b818e516322db999ac25d00c75788ddfd2d2ade4fa66f1f38097e1/numpy-2.2.6-cp313-cp313t-macosx_10_13_x86_64.whl", hash = "sha256:0bca768cd85ae743b2affdc762d617eddf3bcf8724435498a1e80132d04879e6", size = 20963467 },
    { url = "https://files.pythonhosted.org/packages/61/66/d2de6b291507517ff2e438e13ff7b1e2cdbdb7cb40b3ed475377aece69f9/numpy-2.2.6-cp313-cp313t-macosx_11_0_arm64.whl", hash = "sha256:fc0c5673685c508a142ca65209b4e79ed6740a4ed6b2267dbba90f34b0b3cfda", size = 14225144 },
    { url = "https://files.pythonhosted.org/packages/e4/25/480387655407ead912e28ba3a820bc69af9adf13bcbe40b299d454ec011f/numpy-2.2.6-cp313-cp313t-macosx_14_0_arm64.whl", hash = "sha256:5bd4fc3ac8926b3819797a7c0e2631eb889b4118a9898c84f585a54d475b7e40", size = 5200217 },
    { url = "https://files.pythonhosted.org/packages/aa/4a/6e313b5108f53dcbf3aca0c0f3e9c92f4c10ce57a0a721851f9785872895/numpy-2.2.6-cp313-cp313t-macosx_14_0_x86_64.whl", hash = "sha256:fee4236c876c4e8369388054d02d0e9bb84821feb1a64dd59e137e6511a551f8", size = 6712014 },
    { url = "https://files.pythonhosted.org/packages/b7/30/172c2d5c4be71fdf476e9de553443cf8e25feddbe185e0bd88b096915bcc/numpy-2.2.6-cp313-cp313t-manylinux_2_17_aarch64.manylinux2014_aarch64.whl", hash = "sha256:e1dda9c7e08dc141e0247a5b8f49cf05984955246a327d4c48bda16821947b2f", size = 14077935 },
    { url = "https://files.pythonhosted.org/packages/12/fb/9e743f8d4e4d3c710902cf87af3512082ae3d43b945d5d16563f26ec251d/numpy-2.2.6-cp313-cp313t-manylinux_2_17_x86_64.manylinux2014_x86_64.whl", hash = "sha256:f447e6acb680fd307f40d3da4852208af94afdfab89cf850986c3ca00562f4fa", size = 16600122 },
    { url = "https://files.pythonhosted.org/packages/12/75/ee20da0e58d3a66f204f38916757e01e33a9737d0b22373b3eb5a27358f9/numpy-2.2.6-cp313-cp313t-musllinux_1_2_aarch64.whl", hash = "sha256:389d771b1623ec92636b0786bc4ae56abafad4a4c513d36a55dce14bd9ce8571", size = 15586143 },
    { url = "https://files.pythonhosted.org/packages/76/95/bef5b37f29fc5e739947e9ce5179ad402875633308504a52d188302319c8/numpy-2.2.6-cp313-cp313t-musllinux_1_2_x86_64.whl", hash = "sha256:8e9ace4a37db23421249ed236fdcdd457d671e25146786dfc96835cd951aa7c1", size = 18385260 },
    { url = "https://files.pythonhosted.org/packages/09/04/f2f83279d287407cf36a7a8053a5abe7be3622a4363337338f2585e4afda/numpy-2.2.6-cp313-cp313t-win32.whl", hash = "sha256:038613e9fb8c72b0a41f025a7e4c3f0b7a1b5d768ece4796b674c8f3fe13efff", size = 6377225 },
    { url = "https://files.pythonhosted.org/packages/67/0e/35082d13c09c02c011cf21570543d202ad929d961c02a147493cb0c2bdf5/numpy-2.2.6-cp313-cp313t-win_amd64.whl", hash = "sha256:6031dd6dfecc0cf9f668681a37648373bddd6421fff6c66ec1624eed0180ee06", size = 12771374 },
    { url = "https://files.pythonhosted.org/packages/9e/3b/d94a75f4dbf1ef5d321523ecac21ef23a3cd2ac8b78ae2aac40873590229/numpy-2.2.6-pp310-pypy310_pp73-macosx_10_15_x86_64.whl", hash = "sha256:0b605b275d7bd0c640cad4e5d30fa701a8d59302e127e5f79138ad62762c3e3d", size = 21040391 },
    { url = "https://files.pythonhosted.org/packages/17/f4/09b2fa1b58f0fb4f7c7963a1649c64c4d315752240377ed74d9cd878f7b5/numpy-2.2.6-pp310-pypy310_pp73-macosx_14_0_x86_64.whl", hash = "sha256:7befc596a7dc9da8a337f79802ee8adb30a552a94f792b9c9d18c840055907db", size = 6786754 },
    { url = "https://files.pythonhosted.org/packages/af/30/feba75f143bdc868a1cc3f44ccfa6c4b9ec522b36458e738cd00f67b573f/numpy-2.2.6-pp310-pypy310_pp73-manylinux_2_17_x86_64.manylinux2014_x86_64.whl", hash = "sha256:ce47521a4754c8f4593837384bd3424880629f718d87c5d44f8ed763edd63543", size = 16643476 },
    { url = "https://files.pythonhosted.org/packages/37/48/ac2a9584402fb6c0cd5b5d1a91dcf176b15760130dd386bbafdbfe3640bf/numpy-2.2.6-pp310-pypy310_pp73-win_amd64.whl", hash = "sha256:d042d24c90c41b54fd506da306759e06e568864df8ec17ccc17e9e884634fd00", size = 12812666 },
]

[[package]]
name = "pandas"
version = "2.3.0"
source = { registry = "https://pypi.org/simple" }
dependencies = [
    { name = "numpy" },
    { name = "python-dateutil" },
    { name = "pytz" },
    { name = "tzdata" },
]
sdist = { url = "https://files.pythonhosted.org/packages/72/51/48f713c4c728d7c55ef7444ba5ea027c26998d96d1a40953b346438602fc/pandas-2.3.0.tar.gz", hash = "sha256:34600ab34ebf1131a7613a260a61dbe8b62c188ec0ea4c296da7c9a06b004133", size = 4484490 }
wheels = [
    { url = "https://files.pythonhosted.org/packages/e2/2d/df6b98c736ba51b8eaa71229e8fcd91233a831ec00ab520e1e23090cc072/pandas-2.3.0-cp310-cp310-macosx_10_9_x86_64.whl", hash = "sha256:625466edd01d43b75b1883a64d859168e4556261a5035b32f9d743b67ef44634", size = 11527531 },
    { url = "https://files.pythonhosted.org/packages/77/1c/3f8c331d223f86ba1d0ed7d3ed7fcf1501c6f250882489cc820d2567ddbf/pandas-2.3.0-cp310-cp310-macosx_11_0_arm64.whl", hash = "sha256:a6872d695c896f00df46b71648eea332279ef4077a409e2fe94220208b6bb675", size = 10774764 },
    { url = "https://files.pythonhosted.org/packages/1b/45/d2599400fad7fe06b849bd40b52c65684bc88fbe5f0a474d0513d057a377/pandas-2.3.0-cp310-cp310-manylinux_2_17_aarch64.manylinux2014_aarch64.whl", hash = "sha256:f4dd97c19bd06bc557ad787a15b6489d2614ddaab5d104a0310eb314c724b2d2", size = 11711963 },
    { url = "https://files.pythonhosted.org/packages/66/f8/5508bc45e994e698dbc93607ee6b9b6eb67df978dc10ee2b09df80103d9e/pandas-2.3.0-cp310-cp310-manylinux_2_17_x86_64.manylinux2014_x86_64.whl", hash = "sha256:034abd6f3db8b9880aaee98f4f5d4dbec7c4829938463ec046517220b2f8574e", size = 12349446 },
    { url = "https://files.pythonhosted.org/packages/f7/fc/17851e1b1ea0c8456ba90a2f514c35134dd56d981cf30ccdc501a0adeac4/pandas-2.3.0-cp310-cp310-musllinux_1_2_aarch64.whl", hash = "sha256:23c2b2dc5213810208ca0b80b8666670eb4660bbfd9d45f58592cc4ddcfd62e1", size = 12920002 },
    { url = "https://files.pythonhosted.org/packages/a1/9b/8743be105989c81fa33f8e2a4e9822ac0ad4aaf812c00fee6bb09fc814f9/pandas-2.3.0-cp310-cp310-musllinux_1_2_x86_64.whl", hash = "sha256:39ff73ec07be5e90330cc6ff5705c651ace83374189dcdcb46e6ff54b4a72cd6", size = 13651218 },
    { url = "https://files.pythonhosted.org/packages/26/fa/8eeb2353f6d40974a6a9fd4081ad1700e2386cf4264a8f28542fd10b3e38/pandas-2.3.0-cp310-cp310-win_amd64.whl", hash = "sha256:40cecc4ea5abd2921682b57532baea5588cc5f80f0231c624056b146887274d2", size = 11082485 },
    { url = "https://files.pythonhosted.org/packages/96/1e/ba313812a699fe37bf62e6194265a4621be11833f5fce46d9eae22acb5d7/pandas-2.3.0-cp311-cp311-macosx_10_9_x86_64.whl", hash = "sha256:8adff9f138fc614347ff33812046787f7d43b3cef7c0f0171b3340cae333f6ca", size = 11551836 },
    { url = "https://files.pythonhosted.org/packages/1b/cc/0af9c07f8d714ea563b12383a7e5bde9479cf32413ee2f346a9c5a801f22/pandas-2.3.0-cp311-cp311-macosx_11_0_arm64.whl", hash = "sha256:e5f08eb9a445d07720776df6e641975665c9ea12c9d8a331e0f6890f2dcd76ef", size = 10807977 },
    { url = "https://files.pythonhosted.org/packages/ee/3e/8c0fb7e2cf4a55198466ced1ca6a9054ae3b7e7630df7757031df10001fd/pandas-2.3.0-cp311-cp311-manylinux_2_17_aarch64.manylinux2014_aarch64.whl", hash = "sha256:fa35c266c8cd1a67d75971a1912b185b492d257092bdd2709bbdebe574ed228d", size = 11788230 },
    { url = "https://files.pythonhosted.org/packages/14/22/b493ec614582307faf3f94989be0f7f0a71932ed6f56c9a80c0bb4a3b51e/pandas-2.3.0-cp311-cp311-manylinux_2_17_x86_64.manylinux2014_x86_64.whl", hash = "sha256:14a0cc77b0f089d2d2ffe3007db58f170dae9b9f54e569b299db871a3ab5bf46", size = 12370423 },
    { url = "https://files.pythonhosted.org/packages/9f/74/b012addb34cda5ce855218a37b258c4e056a0b9b334d116e518d72638737/pandas-2.3.0-cp311-cp311-musllinux_1_2_aarch64.whl", hash = "sha256:c06f6f144ad0a1bf84699aeea7eff6068ca5c63ceb404798198af7eb86082e33", size = 12990594 },
    { url = "https://files.pythonhosted.org/packages/95/81/b310e60d033ab64b08e66c635b94076488f0b6ce6a674379dd5b224fc51c/pandas-2.3.0-cp311-cp311-musllinux_1_2_x86_64.whl", hash = "sha256:ed16339bc354a73e0a609df36d256672c7d296f3f767ac07257801aa064ff73c", size = 13745952 },
    { url = "https://files.pythonhosted.org/packages/25/ac/f6ee5250a8881b55bd3aecde9b8cfddea2f2b43e3588bca68a4e9aaf46c8/pandas-2.3.0-cp311-cp311-win_amd64.whl", hash = "sha256:fa07e138b3f6c04addfeaf56cc7fdb96c3b68a3fe5e5401251f231fce40a0d7a", size = 11094534 },
    { url = "https://files.pythonhosted.org/packages/94/46/24192607058dd607dbfacdd060a2370f6afb19c2ccb617406469b9aeb8e7/pandas-2.3.0-cp312-cp312-macosx_10_13_x86_64.whl", hash = "sha256:2eb4728a18dcd2908c7fccf74a982e241b467d178724545a48d0caf534b38ebf", size = 11573865 },
    { url = "https://files.pythonhosted.org/packages/9f/cc/ae8ea3b800757a70c9fdccc68b67dc0280a6e814efcf74e4211fd5dea1ca/pandas-2.3.0-cp312-cp312-macosx_11_0_arm64.whl", hash = "sha256:b9d8c3187be7479ea5c3d30c32a5d73d62a621166675063b2edd21bc47614027", size = 10702154 },
    { url = "https://files.pythonhosted.org/packages/d8/ba/a7883d7aab3d24c6540a2768f679e7414582cc389876d469b40ec749d78b/pandas-2.3.0-cp312-cp312-manylinux_2_17_aarch64.manylinux2014_aarch64.whl", hash = "sha256:9ff730713d4c4f2f1c860e36c005c7cefc1c7c80c21c0688fd605aa43c9fcf09", size = 11262180 },
    { url = "https://files.pythonhosted.org/packages/01/a5/931fc3ad333d9d87b10107d948d757d67ebcfc33b1988d5faccc39c6845c/pandas-2.3.0-cp312-cp312-manylinux_2_17_x86_64.manylinux2014_x86_64.whl", hash = "sha256:ba24af48643b12ffe49b27065d3babd52702d95ab70f50e1b34f71ca703e2c0d", size = 11991493 },
    { url = "https://files.pythonhosted.org/packages/d7/bf/0213986830a92d44d55153c1d69b509431a972eb73f204242988c4e66e86/pandas-2.3.0-cp312-cp312-musllinux_1_2_aarch64.whl", hash = "sha256:404d681c698e3c8a40a61d0cd9412cc7364ab9a9cc6e144ae2992e11a2e77a20", size = 12470733 },
    { url = "https://files.pythonhosted.org/packages/a4/0e/21eb48a3a34a7d4bac982afc2c4eb5ab09f2d988bdf29d92ba9ae8e90a79/pandas-2.3.0-cp312-cp312-musllinux_1_2_x86_64.whl", hash = "sha256:6021910b086b3ca756755e86ddc64e0ddafd5e58e076c72cb1585162e5ad259b", size = 13212406 },
    { url = "https://files.pythonhosted.org/packages/1f/d9/74017c4eec7a28892d8d6e31ae9de3baef71f5a5286e74e6b7aad7f8c837/pandas-2.3.0-cp312-cp312-win_amd64.whl", hash = "sha256:094e271a15b579650ebf4c5155c05dcd2a14fd4fdd72cf4854b2f7ad31ea30be", size = 10976199 },
    { url = "https://files.pythonhosted.org/packages/d3/57/5cb75a56a4842bbd0511c3d1c79186d8315b82dac802118322b2de1194fe/pandas-2.3.0-cp313-cp313-macosx_10_13_x86_64.whl", hash = "sha256:2c7e2fc25f89a49a11599ec1e76821322439d90820108309bf42130d2f36c983", size = 11518913 },
    { url = "https://files.pythonhosted.org/packages/05/01/0c8785610e465e4948a01a059562176e4c8088aa257e2e074db868f86d4e/pandas-2.3.0-cp313-cp313-macosx_11_0_arm64.whl", hash = "sha256:c6da97aeb6a6d233fb6b17986234cc723b396b50a3c6804776351994f2a658fd", size = 10655249 },
    { url = "https://files.pythonhosted.org/packages/e8/6a/47fd7517cd8abe72a58706aab2b99e9438360d36dcdb052cf917b7bf3bdc/pandas-2.3.0-cp313-cp313-manylinux_2_17_aarch64.manylinux2014_aarch64.whl", hash = "sha256:bb32dc743b52467d488e7a7c8039b821da2826a9ba4f85b89ea95274f863280f", size = 11328359 },
    { url = "https://files.pythonhosted.org/packages/2a/b3/463bfe819ed60fb7e7ddffb4ae2ee04b887b3444feee6c19437b8f834837/pandas-2.3.0-cp313-cp313-manylinux_2_17_x86_64.manylinux2014_x86_64.whl", hash = "sha256:213cd63c43263dbb522c1f8a7c9d072e25900f6975596f883f4bebd77295d4f3", size = 12024789 },
    { url = "https://files.pythonhosted.org/packages/04/0c/e0704ccdb0ac40aeb3434d1c641c43d05f75c92e67525df39575ace35468/pandas-2.3.0-cp313-cp313-musllinux_1_2_aarch64.whl", hash = "sha256:1d2b33e68d0ce64e26a4acc2e72d747292084f4e8db4c847c6f5f6cbe56ed6d8", size = 12480734 },
    { url = "https://files.pythonhosted.org/packages/e9/df/815d6583967001153bb27f5cf075653d69d51ad887ebbf4cfe1173a1ac58/pandas-2.3.0-cp313-cp313-musllinux_1_2_x86_64.whl", hash = "sha256:430a63bae10b5086995db1b02694996336e5a8ac9a96b4200572b413dfdfccb9", size = 13223381 },
    { url = "https://files.pythonhosted.org/packages/79/88/ca5973ed07b7f484c493e941dbff990861ca55291ff7ac67c815ce347395/pandas-2.3.0-cp313-cp313-win_amd64.whl", hash = "sha256:4930255e28ff5545e2ca404637bcc56f031893142773b3468dc021c6c32a1390", size = 10970135 },
    { url = "https://files.pythonhosted.org/packages/24/fb/0994c14d1f7909ce83f0b1fb27958135513c4f3f2528bde216180aa73bfc/pandas-2.3.0-cp313-cp313t-macosx_10_13_x86_64.whl", hash = "sha256:f925f1ef673b4bd0271b1809b72b3270384f2b7d9d14a189b12b7fc02574d575", size = 12141356 },
    { url = "https://files.pythonhosted.org/packages/9d/a2/9b903e5962134497ac4f8a96f862ee3081cb2506f69f8e4778ce3d9c9d82/pandas-2.3.0-cp313-cp313t-macosx_11_0_arm64.whl", hash = "sha256:e78ad363ddb873a631e92a3c063ade1ecfb34cae71e9a2be6ad100f875ac1042", size = 11474674 },
    { url = "https://files.pythonhosted.org/packages/81/3a/3806d041bce032f8de44380f866059437fb79e36d6b22c82c187e65f765b/pandas-2.3.0-cp313-cp313t-manylinux_2_17_aarch64.manylinux2014_aarch64.whl", hash = "sha256:951805d146922aed8357e4cc5671b8b0b9be1027f0619cea132a9f3f65f2f09c", size = 11439876 },
    { url = "https://files.pythonhosted.org/packages/15/aa/3fc3181d12b95da71f5c2537c3e3b3af6ab3a8c392ab41ebb766e0929bc6/pandas-2.3.0-cp313-cp313t-manylinux_2_17_x86_64.manylinux2014_x86_64.whl", hash = "sha256:1a881bc1309f3fce34696d07b00f13335c41f5f5a8770a33b09ebe23261cfc67", size = 11966182 },
    { url = "https://files.pythonhosted.org/packages/37/e7/e12f2d9b0a2c4a2cc86e2aabff7ccfd24f03e597d770abfa2acd313ee46b/pandas-2.3.0-cp313-cp313t-musllinux_1_2_aarch64.whl", hash = "sha256:e1991bbb96f4050b09b5f811253c4f3cf05ee89a589379aa36cd623f21a31d6f", size = 12547686 },
    { url = "https://files.pythonhosted.org/packages/39/c2/646d2e93e0af70f4e5359d870a63584dacbc324b54d73e6b3267920ff117/pandas-2.3.0-cp313-cp313t-musllinux_1_2_x86_64.whl", hash = "sha256:bb3be958022198531eb7ec2008cfc78c5b1eed51af8600c6c5d9160d89d8d249", size = 13231847 },
]

[[package]]
name = "parsing"
version = "0.1.0"
source = { virtual = "." }
dependencies = [
    { name = "duckdb" },
    { name = "pandas" },
]

[package.metadata]
requires-dist = [
    { name = "duckdb", specifier = ">=1.3.1" },
    { name = "pandas", specifier = ">=2.3.0" },
]

[[package]]
name = "python-dateutil"
version = "2.9.0.post0"
source = { registry = "https://pypi.org/simple" }
dependencies = [
    { name = "six" },
]
sdist = { url = "https://files.pythonhosted.org/packages/66/c0/0c8b6ad9f17a802ee498c46e004a0eb49bc148f2fd230864601a86dcf6db/python-dateutil-2.9.0.post0.tar.gz", hash = "sha256:37dd54208da7e1cd875388217d5e00ebd4179249f90fb72437e91a35459a0ad3", size = 342432 }
wheels = [
    { url = "https://files.pythonhosted.org/packages/ec/57/56b9bcc3c9c6a792fcbaf139543cee77261f3651ca9da0c93f5c1221264b/python_dateutil-2.9.0.post0-py2.py3-none-any.whl", hash = "sha256:a8b2bc7bffae282281c8140a97d3aa9c14da0b136dfe83f850eea9a5f7470427", size = 229892 },
]

[[package]]
name = "pytz"
version = "2025.2"
source = { registry = "https://pypi.org/simple" }
sdist = { url = "https://files.pythonhosted.org/packages/f8/bf/abbd3cdfb8fbc7fb3d4d38d320f2441b1e7cbe29be4f23797b4a2b5d8aac/pytz-2025.2.tar.gz", hash = "sha256:360b9e3dbb49a209c21ad61809c7fb453643e048b38924c765813546746e81c3", size = 320884 }
wheels = [
    { url = "https://files.pythonhosted.org/packages/81/c4/34e93fe5f5429d7570ec1fa436f1986fb1f00c3e0f43a589fe2bbcd22c3f/pytz-2025.2-py2.py3-none-any.whl", hash = "sha256:5ddf76296dd8c44c26eb8f4b6f35488f3ccbf6fbbd7adee0b7262d43f0ec2f00", size = 509225 },
]

[[package]]
name = "six"
version = "1.17.0"
source = { registry = "https://pypi.org/simple" }
sdist = { url = "https://files.pythonhosted.org/packages/94/e7/b2c673351809dca68a0e064b6af791aa332cf192da575fd474ed7d6f16a2/six-1.17.0.tar.gz", hash = "sha256:ff70335d468e7eb6ec65b95b99d3a2836546063f63acc5171de367e834932a81", size = 34031 }
wheels = [
    { url = "https://files.pythonhosted.org/packages/b7/ce/149a00dd41f10bc29e5921b496af8b574d8413afcd5e30dfa0ed46c2cc5e/six-1.17.0-py2.py3-none-any.whl", hash = "sha256:4721f391ed90541fddacab5acf947aa0d3dc7d27b2e1e8eda2be8970586c3274", size = 11050 },
]

[[package]]
name = "tzdata"
version = "2025.2"
source = { registry = "https://pypi.org/simple" }
sdist = { url = "https://files.pythonhosted.org/packages/95/32/1a225d6164441be760d75c2c42e2780dc0873fe382da3e98a2e1e48361e5/tzdata-2025.2.tar.gz", hash = "sha256:b60a638fcc0daffadf82fe0f57e53d06bdec2f36c4df66280ae79bce6bd6f2b9", size = 196380 }
wheels = [
    { url = "https://files.pythonhosted.org/packages/5c/23/c7abc0ca0a1526a0774eca151daeb8de62ec457e77262b66b359c3c7679e/tzdata-2025.2-py2.py3-none-any.whl", hash = "sha256:1a403fada01ff9221ca8044d701868fa132215d84beb92242d9acd2147f667a8", size = 347839 },
]
